
Microsoft Visual Studio Solution File, Format Version 12.00
# Visual Studio Version 16
VisualStudioVersion = 16.0.32802.440
MinimumVisualStudioVersion = 10.0.40219.1
Project("{8BC9CEB8-8B4A-11D0-8D11-00A0C91BC942}") = "module", "module\module.vcxproj", "{BF8B1F25-0856-4443-835D-E719040D7538}"
EndProject
Global
	GlobalSection(SolutionConfigurationPlatforms) = preSolution
		Debug|x64 = Debug|x64
		Debug|x86 = Debug|x86
		Release|x64 = Release|x64
		Release|x86 = Release|x86
	EndGlobalSection
	GlobalSection(ProjectConfigurationPlatforms) = postSolution
		{BF8B1F25-0856-4443-835D-E719040D7538}.Debug|x64.ActiveCfg = Debug|x64
		{BF8B1F25-0856-4443-835D-E719040D7538}.Debug|x64.Build.0 = Debug|x64
		{BF8B1F25-0856-4443-835D-E719040D7538}.Debug|x86.ActiveCfg = Debug|Win32
		{BF8B1F25-0856-4443-835D-E719040D7538}.Debug|x86.Build.0 = Debug|Win32
		{BF8B1F25-0856-4443-835D-E719040D7538}.Release|x64.ActiveCfg = Release|x64
		{BF8B1F25-0856-4443-835D-E719040D7538}.Release|x64.Build.0 = Release|x64
		{BF8B1F25-0856-4443-835D-E719040D7538}.Release|x86.ActiveCfg = Release|Win32
		{BF8B1F25-0856-4443-835D-E719040D7538}.Release|x86.Build.0 = Release|Win32
	EndGlobalSection
	GlobalSection(SolutionProperties) = preSolution
		HideSolutionNode = FALSE
	EndGlobalSection
	GlobalSection(ExtensibilityGlobals) = postSolution
		SolutionGuid = {E429FB62-8652-422D-BE12-FCA5BC10935D}
	EndGlobalSection
EndGlobal
